
Microsoft Visual Studio Solution File, Format Version 12.00
Project("{FAE04EC0-301F-11D3-BF4B-00C04F79EFBC}") = "task3", "task3\task3.csproj", "{CF7FB50D-DBFF-4C8B-8EAE-4E56F952E23E}"
EndProject
Global
	GlobalSection(SolutionConfigurationPlatforms) = preSolution
		Debug|Any CPU = Debug|Any CPU
		Release|Any CPU = Release|Any CPU
	EndGlobalSection
	GlobalSection(ProjectConfigurationPlatforms) = postSolution
		{CF7FB50D-DBFF-4C8B-8EAE-4E56F952E23E}.Debug|Any CPU.ActiveCfg = Debug|Any CPU
		{CF7FB50D-DBFF-4C8B-8EAE-4E56F952E23E}.Debug|Any CPU.Build.0 = Debug|Any CPU
		{CF7FB50D-DBFF-4C8B-8EAE-4E56F952E23E}.Release|Any CPU.ActiveCfg = Release|Any CPU
		{CF7FB50D-DBFF-4C8B-8EAE-4E56F952E23E}.Release|Any CPU.Build.0 = Release|Any CPU
	EndGlobalSection
EndGlobal
